
Microsoft Visual Studio Solution File, Format Version 12.00
# Visual Studio Version 17
VisualStudioVersion = 17.0.31903.59
MinimumVisualStudioVersion = 10.0.40219.1
Project("{FAE04EC0-301F-11D3-BF4B-00C04F79EFBC}") = "WebApp", "WebApp\WebApp.csproj", "{208F45DC-984C-47AB-B292-DE3B68B741EB}"
EndProject
Project("{FAE04EC0-301F-11D3-BF4B-00C04F79EFBC}") = "MiddleTierWebApi", "MiddleTierWebApi\MiddleTierWebApi.csproj", "{D9581A3A-3E59-4CBC-B6CE-943332D103DC}"
EndProject
Project("{FAE04EC0-301F-11D3-BF4B-00C04F79EFBC}") = "DownstreamWebApi", "DownstreamWebApi\DownstreamWebApi.csproj", "{AB93B456-0E15-4723-854A-FF9200080CBE}"
EndProject
Global
	GlobalSection(SolutionConfigurationPlatforms) = preSolution
		Debug|Any CPU = Debug|Any CPU
		Release|Any CPU = Release|Any CPU
	EndGlobalSection
	GlobalSection(SolutionProperties) = preSolution
		HideSolutionNode = FALSE
	EndGlobalSection
	GlobalSection(ProjectConfigurationPlatforms) = postSolution
		{208F45DC-984C-47AB-B292-DE3B68B741EB}.Debug|Any CPU.ActiveCfg = Debug|Any CPU
		{208F45DC-984C-47AB-B292-DE3B68B741EB}.Debug|Any CPU.Build.0 = Debug|Any CPU
		{208F45DC-984C-47AB-B292-DE3B68B741EB}.Release|Any CPU.ActiveCfg = Release|Any CPU
		{208F45DC-984C-47AB-B292-DE3B68B741EB}.Release|Any CPU.Build.0 = Release|Any CPU
		{D9581A3A-3E59-4CBC-B6CE-943332D103DC}.Debug|Any CPU.ActiveCfg = Debug|Any CPU
		{D9581A3A-3E59-4CBC-B6CE-943332D103DC}.Debug|Any CPU.Build.0 = Debug|Any CPU
		{D9581A3A-3E59-4CBC-B6CE-943332D103DC}.Release|Any CPU.ActiveCfg = Release|Any CPU
		{D9581A3A-3E59-4CBC-B6CE-943332D103DC}.Release|Any CPU.Build.0 = Release|Any CPU
		{AB93B456-0E15-4723-854A-FF9200080CBE}.Debug|Any CPU.ActiveCfg = Debug|Any CPU
		{AB93B456-0E15-4723-854A-FF9200080CBE}.Debug|Any CPU.Build.0 = Debug|Any CPU
		{AB93B456-0E15-4723-854A-FF9200080CBE}.Release|Any CPU.ActiveCfg = Release|Any CPU
		{AB93B456-0E15-4723-854A-FF9200080CBE}.Release|Any CPU.Build.0 = Release|Any CPU
	EndGlobalSection
EndGlobal
